
Microsoft Visual Studio Solution File, Format Version 12.00
# Visual Studio Version 16
VisualStudioVersion = 16.0.30611.23
MinimumVisualStudioVersion = 10.0.40219.1
Project("{FAE04EC0-301F-11D3-BF4B-00C04F79EFBC}") = "Cyotek.Demo.Scroll", "src\Cyotek.Demo.Scroll.csproj", "{42475EF1-3EC0-4B34-B7C8-ABCE1C020FD8}"
EndProject
Global
	GlobalSection(SolutionConfigurationPlatforms) = preSolution
		Debug|Any CPU = Debug|Any CPU
		Release|Any CPU = Release|Any CPU
	EndGlobalSection
	GlobalSection(ProjectConfigurationPlatforms) = postSolution
		{42475EF1-3EC0-4B34-B7C8-ABCE1C020FD8}.Debug|Any CPU.ActiveCfg = Debug|Any CPU
		{42475EF1-3EC0-4B34-B7C8-ABCE1C020FD8}.Debug|Any CPU.Build.0 = Debug|Any CPU
		{42475EF1-3EC0-4B34-B7C8-ABCE1C020FD8}.Release|Any CPU.ActiveCfg = Release|Any CPU
		{42475EF1-3EC0-4B34-B7C8-ABCE1C020FD8}.Release|Any CPU.Build.0 = Release|Any CPU
	EndGlobalSection
	GlobalSection(SolutionProperties) = preSolution
		HideSolutionNode = FALSE
	EndGlobalSection
	GlobalSection(ExtensibilityGlobals) = postSolution
		SolutionGuid = {AAD6D5E2-C80F-4188-9111-58A6E4227FD1}
	EndGlobalSection
EndGlobal
